
Microsoft Visual Studio Solution File, Format Version 11.00
# Visual Studio 2010
Project("{FAE04EC0-301F-11D3-BF4B-00C04F79EFBC}") = "Assembly-CSharp", "Assembly-CSharp.csproj", "{a975e7e1-f8ed-0942-ec64-f5582f3512ab}"
EndProject
Project("{FAE04EC0-301F-11D3-BF4B-00C04F79EFBC}") = "Assembly-CSharp-firstpass", "Assembly-CSharp-firstpass.csproj", "{40d87a11-ba0f-7057-981b-0d7acbf12fb2}"
EndProject
Global
	GlobalSection(SolutionConfigurationPlatforms) = preSolution
		Debug|Any CPU = Debug|Any CPU
	EndGlobalSection
	GlobalSection(ProjectConfigurationPlatforms) = postSolution
		{a975e7e1-f8ed-0942-ec64-f5582f3512ab}.Debug|Any CPU.ActiveCfg = Debug|Any CPU
		{a975e7e1-f8ed-0942-ec64-f5582f3512ab}.Debug|Any CPU.Build.0 = Debug|Any CPU
		{40d87a11-ba0f-7057-981b-0d7acbf12fb2}.Debug|Any CPU.ActiveCfg = Debug|Any CPU
		{40d87a11-ba0f-7057-981b-0d7acbf12fb2}.Debug|Any CPU.Build.0 = Debug|Any CPU
	EndGlobalSection
	GlobalSection(SolutionProperties) = preSolution
		HideSolutionNode = FALSE
	EndGlobalSection
EndGlobal
